
Microsoft Visual Studio Solution File, Format Version 12.00
# Visual Studio 15
VisualStudioVersion = 15.0.28307.106
MinimumVisualStudioVersion = 10.0.40219.1
Project("{FAE04EC0-301F-11D3-BF4B-00C04F79EFBC}") = "WordCountConsoleApp", "WordCountConsoleApp\WordCountConsoleApp.csproj", "{0595D4D1-F0E6-4606-AE4E-0CD85B775309}"
EndProject
Project("{FAE04EC0-301F-11D3-BF4B-00C04F79EFBC}") = "MvcWebApp", "MvcWebApp\MvcWebApp.csproj", "{2EAD3FFC-CFEA-40D4-88F0-58E770490082}"
EndProject
Global
	GlobalSection(SolutionConfigurationPlatforms) = preSolution
		Debug|Any CPU = Debug|Any CPU
		Release|Any CPU = Release|Any CPU
	EndGlobalSection
	GlobalSection(ProjectConfigurationPlatforms) = postSolution
		{0595D4D1-F0E6-4606-AE4E-0CD85B775309}.Debug|Any CPU.ActiveCfg = Debug|Any CPU
		{0595D4D1-F0E6-4606-AE4E-0CD85B775309}.Debug|Any CPU.Build.0 = Debug|Any CPU
		{0595D4D1-F0E6-4606-AE4E-0CD85B775309}.Release|Any CPU.ActiveCfg = Release|Any CPU
		{0595D4D1-F0E6-4606-AE4E-0CD85B775309}.Release|Any CPU.Build.0 = Release|Any CPU
		{2EAD3FFC-CFEA-40D4-88F0-58E770490082}.Debug|Any CPU.ActiveCfg = Debug|Any CPU
		{2EAD3FFC-CFEA-40D4-88F0-58E770490082}.Debug|Any CPU.Build.0 = Debug|Any CPU
		{2EAD3FFC-CFEA-40D4-88F0-58E770490082}.Release|Any CPU.ActiveCfg = Release|Any CPU
		{2EAD3FFC-CFEA-40D4-88F0-58E770490082}.Release|Any CPU.Build.0 = Release|Any CPU
	EndGlobalSection
	GlobalSection(SolutionProperties) = preSolution
		HideSolutionNode = FALSE
	EndGlobalSection
	GlobalSection(ExtensibilityGlobals) = postSolution
		SolutionGuid = {1066DCF7-D1D1-4F6E-9A64-21DD3907F3ED}
	EndGlobalSection
EndGlobal
